<?xml version="1.0" encoding="utf-8"?>
<Project ToolsVersion="4.0" xmlns="http://schemas.microsoft.com/developer/msbuild/2003">
  <ItemGroup>
    <Filter Include="Headers">
      <UniqueIdentifier>{d5210b81-1609-4d5b-951d-93a711909522}</UniqueIdentifier>
    </Filter>
    <Filter Include="Source">
      <UniqueIdentifier>{bb593945-47ac-4f75-9f63-d2bab66f178b}</UniqueIdentifier>
    </Filter>
  </ItemGroup>
  <ItemGroup>
    <ClCompile Include="main.c">
      <Filter>Source</Filter>
    </ClCompile>
    <ClCompile Include="getline.c">
      <Filter>Source</Filter>
    </ClCompile>
    <ClCompile Include="stubs.c">
      <Filter>Source</Filter>
    </ClCompile>
    <ClCompile Include="split.c">
      <Filter>Source</Filter>
    </ClCompile>
    <ClCompile Include="classify_tokens.c">
      <Filter>Source</Filter>
    </ClCompile>
    <ClCompile Include="_realloc.c">
      <Filter>Source</Filter>
    </ClCompile>
    <ClCompile Include="_malloc.c">
      <Filter>Source</Filter>
    </ClCompile>
    <ClCompile Include="_free.c">
      <Filter>Source</Filter>
    </ClCompile>
    <ClCompile Include="lowercase.c">
      <Filter>Source</Filter>
    </ClCompile>
    <ClCompile Include="is_numeric.c">
      <Filter>Source</Filter>
    </ClCompile>
  </ItemGroup>
  <ItemGroup>
    <ClInclude Include="stubs.h">
      <Filter>Headers</Filter>
    </ClInclude>
    <ClInclude Include="structs.h">
      <Filter>Headers</Filter>
    </ClInclude>
    <ClInclude Include="string.h">
      <Filter>Headers</Filter>
    </ClInclude>
    <ClInclude Include="_realloc.h">
      <Filter>Headers</Filter>
    </ClInclude>
    <ClInclude Include="_malloc.h">
      <Filter>Headers</Filter>
    </ClInclude>
    <ClInclude Include="_free.h">
      <Filter>Headers</Filter>
    </ClInclude>
  </ItemGroup>
</Project>